
Microsoft Visual Studio Solution File, Format Version 12.00
# Visual Studio Version 16
VisualStudioVersion = 16.0.28922.388
MinimumVisualStudioVersion = 10.0.40219.1
Project("{FAE04EC0-301F-11D3-BF4B-00C04F79EFBC}") = "Quiz", "Quiz\Quiz.csproj", "{A5356E38-88A9-482D-A60B-6BD16C29F8C6}"
EndProject
Global
	GlobalSection(SolutionConfigurationPlatforms) = preSolution
		Debug|Any CPU = Debug|Any CPU
		Release|Any CPU = Release|Any CPU
	EndGlobalSection
	GlobalSection(ProjectConfigurationPlatforms) = postSolution
		{A5356E38-88A9-482D-A60B-6BD16C29F8C6}.Debug|Any CPU.ActiveCfg = Debug|Any CPU
		{A5356E38-88A9-482D-A60B-6BD16C29F8C6}.Debug|Any CPU.Build.0 = Debug|Any CPU
		{A5356E38-88A9-482D-A60B-6BD16C29F8C6}.Release|Any CPU.ActiveCfg = Release|Any CPU
		{A5356E38-88A9-482D-A60B-6BD16C29F8C6}.Release|Any CPU.Build.0 = Release|Any CPU
	EndGlobalSection
	GlobalSection(SolutionProperties) = preSolution
		HideSolutionNode = FALSE
	EndGlobalSection
	GlobalSection(ExtensibilityGlobals) = postSolution
		SolutionGuid = {716415D3-A252-4010-94CB-6DAEEDF6AF81}
	EndGlobalSection
EndGlobal
